
Microsoft Visual Studio Solution File, Format Version 12.00
# Visual Studio Version 17
VisualStudioVersion = 17.4.33122.133
MinimumVisualStudioVersion = 10.0.40219.1
Project("{FAE04EC0-301F-11D3-BF4B-00C04F79EFBC}") = "WebApplication5", "WebApplication5\WebApplication5.csproj", "{618CBF24-2221-4FF7-B6BD-9B176FD8BD85}"
EndProject
Global
	GlobalSection(SolutionConfigurationPlatforms) = preSolution
		Debug|Any CPU = Debug|Any CPU
		Release|Any CPU = Release|Any CPU
	EndGlobalSection
	GlobalSection(ProjectConfigurationPlatforms) = postSolution
		{618CBF24-2221-4FF7-B6BD-9B176FD8BD85}.Debug|Any CPU.ActiveCfg = Debug|Any CPU
		{618CBF24-2221-4FF7-B6BD-9B176FD8BD85}.Debug|Any CPU.Build.0 = Debug|Any CPU
		{618CBF24-2221-4FF7-B6BD-9B176FD8BD85}.Release|Any CPU.ActiveCfg = Release|Any CPU
		{618CBF24-2221-4FF7-B6BD-9B176FD8BD85}.Release|Any CPU.Build.0 = Release|Any CPU
	EndGlobalSection
	GlobalSection(SolutionProperties) = preSolution
		HideSolutionNode = FALSE
	EndGlobalSection
	GlobalSection(ExtensibilityGlobals) = postSolution
		SolutionGuid = {3F1FD552-5CF3-4CE2-950F-3B57583FC50C}
	EndGlobalSection
EndGlobal
